// !$*UTF8*$!
{
	archiveVersion = 1;
	classes = {
	};
	objectVersion = 50;
	objects = {

/* Begin PBXBuildFile section */
		2B245595259551CE00ACE403 /* SearchResult.swift in Sources */ = {isa = PBXBuildFile; fileRef = 2B245594259551CE00ACE403 /* SearchResult.swift */; };
		2BA7B8332594D81700A8153D /* AppDelegate.swift in Sources */ = {isa = PBXBuildFile; fileRef = 2BA7B8322594D81700A8153D /* AppDelegate.swift */; };
		2BA7B8352594D81700A8153D /* SceneDelegate.swift in Sources */ = {isa = PBXBuildFile; fileRef = 2BA7B8342594D81700A8153D /* SceneDelegate.swift */; };
		2BA7B8372594D81700A8153D /* SearchViewController.swift in Sources */ = {isa = PBXBuildFile; fileRef = 2BA7B8362594D81700A8153D /* SearchViewController.swift */; };
		2BA7B83A2594D81700A8153D /* Main.storyboard in Resources */ = {isa = PBXBuildFile; fileRef = 2BA7B8382594D81700A8153D /* Main.storyboard */; };
		2BA7B83C2594D81900A8153D /* Assets.xcassets in Resources */ = {isa = PBXBuildFile; fileRef = 2BA7B83B2594D81900A8153D /* Assets.xcassets */; };
		2BD8325A25955CAA00CF1582 /* SearchResultCell.xib in Resources */ = {isa = PBXBuildFile; fileRef = 2BD8325925955CAA00CF1582 /* SearchResultCell.xib */; };
		2BD8325D259564C600CF1582 /* SearchResultCell.swift in Sources */ = {isa = PBXBuildFile; fileRef = 2BD8325C259564C600CF1582 /* SearchResultCell.swift */; };
		2BD832602596945700CF1582 /* NothingFoundCell.xib in Resources */ = {isa = PBXBuildFile; fileRef = 2BD8325F2596945700CF1582 /* NothingFoundCell.xib */; };
		2BD832632597BC2E00CF1582 /* LoadingCell.xib in Resources */ = {isa = PBXBuildFile; fileRef = 2BD832622597BC2E00CF1582 /* LoadingCell.xib */; };
		2BFFC2CF2597FAF7001CCB6D /* UIImageView+DownloadImage.swift in Sources */ = {isa = PBXBuildFile; fileRef = 2BFFC2CE2597FAF7001CCB6D /* UIImageView+DownloadImage.swift */; };
		2BFFC2D42598276F001CCB6D /* DetailViewController.swift in Sources */ = {isa = PBXBuildFile; fileRef = 2BFFC2D32598276F001CCB6D /* DetailViewController.swift */; };
/* End PBXBuildFile section */

/* Begin PBXFileReference section */
		2B245594259551CE00ACE403 /* SearchResult.swift */ = {isa = PBXFileReference; lastKnownFileType = sourcecode.swift; path = SearchResult.swift; sourceTree = "<group>"; };
		2BA7B82F2594D81700A8153D /* StoreSearch.app */ = {isa = PBXFileReference; explicitFileType = wrapper.application; includeInIndex = 0; path = StoreSearch.app; sourceTree = BUILT_PRODUCTS_DIR; };
		2BA7B8322594D81700A8153D /* AppDelegate.swift */ = {isa = PBXFileReference; lastKnownFileType = sourcecode.swift; path = AppDelegate.swift; sourceTree = "<group>"; };
		2BA7B8342594D81700A8153D /* SceneDelegate.swift */ = {isa = PBXFileReference; lastKnownFileType = sourcecode.swift; path = SceneDelegate.swift; sourceTree = "<group>"; };
		2BA7B8362594D81700A8153D /* SearchViewController.swift */ = {isa = PBXFileReference; lastKnownFileType = sourcecode.swift; path = SearchViewController.swift; sourceTree = "<group>"; };
		2BA7B8392594D81700A8153D /* Base */ = {isa = PBXFileReference; lastKnownFileType = file.storyboard; name = Base; path = Base.lproj/Main.storyboard; sourceTree = "<group>"; };
		2BA7B83B2594D81900A8153D /* Assets.xcassets */ = {isa = PBXFileReference; lastKnownFileType = folder.assetcatalog; path = Assets.xcassets; sourceTree = "<group>"; };
		2BA7B8402594D81900A8153D /* Info.plist */ = {isa = PBXFileReference; lastKnownFileType = text.plist.xml; path = Info.plist; sourceTree = "<group>"; };
		2BD8325925955CAA00CF1582 /* SearchResultCell.xib */ = {isa = PBXFileReference; lastKnownFileType = file.xib; path = SearchResultCell.xib; sourceTree = "<group>"; };
		2BD8325C259564C600CF1582 /* SearchResultCell.swift */ = {isa = PBXFileReference; lastKnownFileType = sourcecode.swift; path = SearchResultCell.swift; sourceTree = "<group>"; };
		2BD8325F2596945700CF1582 /* NothingFoundCell.xib */ = {isa = PBXFileReference; lastKnownFileType = file.xib; path = NothingFoundCell.xib; sourceTree = "<group>"; };
		2BD832622597BC2E00CF1582 /* LoadingCell.xib */ = {isa = PBXFileReference; lastKnownFileType = file.xib; path = LoadingCell.xib; sourceTree = "<group>"; };
		2BFFC2CE2597FAF7001CCB6D /* UIImageView+DownloadImage.swift */ = {isa = PBXFileReference; lastKnownFileType = sourcecode.swift; path = "UIImageView+DownloadImage.swift"; sourceTree = "<group>"; };
		2BFFC2D32598276F001CCB6D /* DetailViewController.swift */ = {isa = PBXFileReference; lastKnownFileType = sourcecode.swift; path = DetailViewController.swift; sourceTree = "<group>"; };
/* End PBXFileReference section */

/* Begin PBXFrameworksBuildPhase section */
		2BA7B82C2594D81700A8153D /* Frameworks */ = {
			isa = PBXFrameworksBuildPhase;
			buildActionMask = 2147483647;
			files = (
			);
			runOnlyForDeploymentPostprocessing = 0;
		};
/* End PBXFrameworksBuildPhase section */

/* Begin PBXGroup section */
		2BA7B8262594D81700A8153D = {
			isa = PBXGroup;
			children = (
				2BA7B8312594D81700A8153D /* StoreSearch */,
				2BA7B8302594D81700A8153D /* Products */,
			);
			sourceTree = "<group>";
		};
		2BA7B8302594D81700A8153D /* Products */ = {
			isa = PBXGroup;
			children = (
				2BA7B82F2594D81700A8153D /* StoreSearch.app */,
			);
			name = Products;
			sourceTree = "<group>";
		};
		2BA7B8312594D81700A8153D /* StoreSearch */ = {
			isa = PBXGroup;
			children = (
				2BFFC2D625982BDE001CCB6D /* View Controllers */,
				2BFFC2D825982C45001CCB6D /* Resources */,
				2BFFC2D725982C01001CCB6D /* Xib Files */,
				2BA7B8322594D81700A8153D /* AppDelegate.swift */,
				2BA7B8342594D81700A8153D /* SceneDelegate.swift */,
				2BA7B8402594D81900A8153D /* Info.plist */,
			);
			path = StoreSearch;
			sourceTree = "<group>";
		};
		2BFFC2D625982BDE001CCB6D /* View Controllers */ = {
			isa = PBXGroup;
			children = (
				2BFFC2D32598276F001CCB6D /* DetailViewController.swift */,
				2BA7B8362594D81700A8153D /* SearchViewController.swift */,
			);
			path = "View Controllers";
			sourceTree = "<group>";
		};
		2BFFC2D725982C01001CCB6D /* Xib Files */ = {
			isa = PBXGroup;
			children = (
				2BD832622597BC2E00CF1582 /* LoadingCell.xib */,
				2BD8325F2596945700CF1582 /* NothingFoundCell.xib */,
				2BD8325925955CAA00CF1582 /* SearchResultCell.xib */,
			);
			path = "Xib Files";
			sourceTree = "<group>";
		};
		2BFFC2D825982C45001CCB6D /* Resources */ = {
			isa = PBXGroup;
			children = (
				2BA7B83B2594D81900A8153D /* Assets.xcassets */,
				2BA7B8382594D81700A8153D /* Main.storyboard */,
				2B245594259551CE00ACE403 /* SearchResult.swift */,
				2BD8325C259564C600CF1582 /* SearchResultCell.swift */,
				2BFFC2CE2597FAF7001CCB6D /* UIImageView+DownloadImage.swift */,
			);
			path = Resources;
			sourceTree = "<group>";
		};
/* End PBXGroup section */

/* Begin PBXNativeTarget section */
		2BA7B82E2594D81700A8153D /* StoreSearch */ = {
			isa = PBXNativeTarget;
			buildConfigurationList = 2BA7B8432594D81900A8153D /* Build configuration list for PBXNativeTarget "StoreSearch" */;
			buildPhases = (
				2BA7B82B2594D81700A8153D /* Sources */,
				2BA7B82C2594D81700A8153D /* Frameworks */,
				2BA7B82D2594D81700A8153D /* Resources */,
			);
			buildRules = (
			);
			dependencies = (
			);
			name = StoreSearch;
			productName = StoreSearch;
			productReference = 2BA7B82F2594D81700A8153D /* StoreSearch.app */;
			productType = "com.apple.product-type.application";
		};
/* End PBXNativeTarget section */

/* Begin PBXProject section */
		2BA7B8272594D81700A8153D /* Project object */ = {
			isa = PBXProject;
			attributes = {
				LastSwiftUpdateCheck = 1230;
				LastUpgradeCheck = 1230;
				TargetAttributes = {
					2BA7B82E2594D81700A8153D = {
						CreatedOnToolsVersion = 12.3;
					};
				};
			};
			buildConfigurationList = 2BA7B82A2594D81700A8153D /* Build configuration list for PBXProject "StoreSearch" */;
			compatibilityVersion = "Xcode 9.3";
			developmentRegion = en;
			hasScannedForEncodings = 0;
			knownRegions = (
				en,
				Base,
			);
			mainGroup = 2BA7B8262594D81700A8153D;
			productRefGroup = 2BA7B8302594D81700A8153D /* Products */;
			projectDirPath = "";
			projectRoot = "";
			targets = (
				2BA7B82E2594D81700A8153D /* StoreSearch */,
			);
		};
/* End PBXProject section */

/* Begin PBXResourcesBuildPhase section */
		2BA7B82D2594D81700A8153D /* Resources */ = {
			isa = PBXResourcesBuildPhase;
			buildActionMask = 2147483647;
			files = (
				2BA7B83C2594D81900A8153D /* Assets.xcassets in Resources */,
				2BD832632597BC2E00CF1582 /* LoadingCell.xib in Resources */,
				2BD8325A25955CAA00CF1582 /* SearchResultCell.xib in Resources */,
				2BD832602596945700CF1582 /* NothingFoundCell.xib in Resources */,
				2BA7B83A2594D81700A8153D /* Main.storyboard in Resources */,
			);
			runOnlyForDeploymentPostprocessing = 0;
		};
/* End PBXResourcesBuildPhase section */

/* Begin PBXSourcesBuildPhase section */
		2BA7B82B2594D81700A8153D /* Sources */ = {
			isa = PBXSourcesBuildPhase;
			buildActionMask = 2147483647;
			files = (
				2BA7B8372594D81700A8153D /* SearchViewController.swift in Sources */,
				2BA7B8332594D81700A8153D /* AppDelegate.swift in Sources */,
				2BFFC2CF2597FAF7001CCB6D /* UIImageView+DownloadImage.swift in Sources */,
				2B245595259551CE00ACE403 /* SearchResult.swift in Sources */,
				2BA7B8352594D81700A8153D /* SceneDelegate.swift in Sources */,
				2BD8325D259564C600CF1582 /* SearchResultCell.swift in Sources */,
				2BFFC2D42598276F001CCB6D /* DetailViewController.swift in Sources */,
			);
			runOnlyForDeploymentPostprocessing = 0;
		};
/* End PBXSourcesBuildPhase section */

/* Begin PBXVariantGroup section */
		2BA7B8382594D81700A8153D /* Main.storyboard */ = {
			isa = PBXVariantGroup;
			children = (
				2BA7B8392594D81700A8153D /* Base */,
			);
			name = Main.storyboard;
			sourceTree = "<group>";
		};
/* End PBXVariantGroup section */

/* Begin XCBuildConfiguration section */
		2BA7B8412594D81900A8153D /* Debug */ = {
			isa = XCBuildConfiguration;
			buildSettings = {
				ALWAYS_SEARCH_USER_PATHS = NO;
				CLANG_ANALYZER_NONNULL = YES;
				CLANG_ANALYZER_NUMBER_OBJECT_CONVERSION = YES_AGGRESSIVE;
				CLANG_CXX_LANGUAGE_STANDARD = "gnu++14";
				CLANG_CXX_LIBRARY = "libc++";
				CLANG_ENABLE_MODULES = YES;
				CLANG_ENABLE_OBJC_ARC = YES;
				CLANG_ENABLE_OBJC_WEAK = YES;
				CLANG_WARN_BLOCK_CAPTURE_AUTORELEASING = YES;
				CLANG_WARN_BOOL_CONVERSION = YES;
				CLANG_WARN_COMMA = YES;
				CLANG_WARN_CONSTANT_CONVERSION = YES;
				CLANG_WARN_DEPRECATED_OBJC_IMPLEMENTATIONS = YES;
				CLANG_WARN_DIRECT_OBJC_ISA_USAGE = YES_ERROR;
				CLANG_WARN_DOCUMENTATION_COMMENTS = YES;
				CLANG_WARN_EMPTY_BODY = YES;
				CLANG_WARN_ENUM_CONVERSION = YES;
				CLANG_WARN_INFINITE_RECURSION = YES;
				CLANG_WARN_INT_CONVERSION = YES;
				CLANG_WARN_NON_LITERAL_NULL_CONVERSION = YES;
				CLANG_WARN_OBJC_IMPLICIT_RETAIN_SELF = YES;
				CLANG_WARN_OBJC_LITERAL_CONVERSION = YES;
				CLANG_WARN_OBJC_ROOT_CLASS = YES_ERROR;
				CLANG_WARN_QUOTED_INCLUDE_IN_FRAMEWORK_HEADER = YES;
				CLANG_WARN_RANGE_LOOP_ANALYSIS = YES;
				CLANG_WARN_STRICT_PROTOTYPES = YES;
				CLANG_WARN_SUSPICIOUS_MOVE = YES;
				CLANG_WARN_UNGUARDED_AVAILABILITY = YES_AGGRESSIVE;
				CLANG_WARN_UNREACHABLE_CODE = YES;
				CLANG_WARN__DUPLICATE_METHOD_MATCH = YES;
				COPY_PHASE_STRIP = NO;
				DEBUG_INFORMATION_FORMAT = dwarf;
				ENABLE_STRICT_OBJC_MSGSEND = YES;
				ENABLE_TESTABILITY = YES;
				GCC_C_LANGUAGE_STANDARD = gnu11;
				GCC_DYNAMIC_NO_PIC = NO;
				GCC_NO_COMMON_BLOCKS = YES;
				GCC_OPTIMIZATION_LEVEL = 0;
				GCC_PREPROCESSOR_DEFINITIONS = (
					"DEBUG=1",
					"$(inherited)",
				);
				GCC_WARN_64_TO_32_BIT_CONVERSION = YES;
				GCC_WARN_ABOUT_RETURN_TYPE = YES_ERROR;
				GCC_WARN_UNDECLARED_SELECTOR = YES;
				GCC_WARN_UNINITIALIZED_AUTOS = YES_AGGRESSIVE;
				GCC_WARN_UNUSED_FUNCTION = YES;
				GCC_WARN_UNUSED_VARIABLE = YES;
				IPHONEOS_DEPLOYMENT_TARGET = 14.3;
				MTL_ENABLE_DEBUG_INFO = INCLUDE_SOURCE;
				MTL_FAST_MATH = YES;
				ONLY_ACTIVE_ARCH = YES;
				SDKROOT = iphoneos;
				SWIFT_ACTIVE_COMPILATION_CONDITIONS = DEBUG;
				SWIFT_OPTIMIZATION_LEVEL = "-Onone";
			};
			name = Debug;
		};
		2BA7B8422594D81900A8153D /* Release */ = {
			isa = XCBuildConfiguration;
			buildSettings = {
				ALWAYS_SEARCH_USER_PATHS = NO;
				CLANG_ANALYZER_NONNULL = YES;
				CLANG_ANALYZER_NUMBER_OBJECT_CONVERSION = YES_AGGRESSIVE;
				CLANG_CXX_LANGUAGE_STANDARD = "gnu++14";
				CLANG_CXX_LIBRARY = "libc++";
				CLANG_ENABLE_MODULES = YES;
				CLANG_ENABLE_OBJC_ARC = YES;
				CLANG_ENABLE_OBJC_WEAK = YES;
				CLANG_WARN_BLOCK_CAPTURE_AUTORELEASING = YES;
				CLANG_WARN_BOOL_CONVERSION = YES;
				CLANG_WARN_COMMA = YES;
				CLANG_WARN_CONSTANT_CONVERSION = YES;
				CLANG_WARN_DEPRECATED_OBJC_IMPLEMENTATIONS = YES;
				CLANG_WARN_DIRECT_OBJC_ISA_USAGE = YES_ERROR;
				CLANG_WARN_DOCUMENTATION_COMMENTS = YES;
				CLANG_WARN_EMPTY_BODY = YES;
				CLANG_WARN_ENUM_CONVERSION = YES;
				CLANG_WARN_INFINITE_RECURSION = YES;
				CLANG_WARN_INT_CONVERSION = YES;
				CLANG_WARN_NON_LITERAL_NULL_CONVERSION = YES;
				CLANG_WARN_OBJC_IMPLICIT_RETAIN_SELF = YES;
				CLANG_WARN_OBJC_LITERAL_CONVERSION = YES;
				CLANG_WARN_OBJC_ROOT_CLASS = YES_ERROR;
				CLANG_WARN_QUOTED_INCLUDE_IN_FRAMEWORK_HEADER = YES;
				CLANG_WARN_RANGE_LOOP_ANALYSIS = YES;
				CLANG_WARN_STRICT_PROTOTYPES = YES;
				CLANG_WARN_SUSPICIOUS_MOVE = YES;
				CLANG_WARN_UNGUARDED_AVAILABILITY = YES_AGGRESSIVE;
				CLANG_WARN_UNREACHABLE_CODE = YES;
				CLANG_WARN__DUPLICATE_METHOD_MATCH = YES;
				COPY_PHASE_STRIP = NO;
				DEBUG_INFORMATION_FORMAT = "dwarf-with-dsym";
				ENABLE_NS_ASSERTIONS = NO;
				ENABLE_STRICT_OBJC_MSGSEND = YES;
				GCC_C_LANGUAGE_STANDARD = gnu11;
				GCC_NO_COMMON_BLOCKS = YES;
				GCC_WARN_64_TO_32_BIT_CONVERSION = YES;
				GCC_WARN_ABOUT_RETURN_TYPE = YES_ERROR;
				GCC_WARN_UNDECLARED_SELECTOR = YES;
				GCC_WARN_UNINITIALIZED_AUTOS = YES_AGGRESSIVE;
				GCC_WARN_UNUSED_FUNCTION = YES;
				GCC_WARN_UNUSED_VARIABLE = YES;
				IPHONEOS_DEPLOYMENT_TARGET = 14.3;
				MTL_ENABLE_DEBUG_INFO = NO;
				MTL_FAST_MATH = YES;
				SDKROOT = iphoneos;
				SWIFT_COMPILATION_MODE = wholemodule;
				SWIFT_OPTIMIZATION_LEVEL = "-O";
				VALIDATE_PRODUCT = YES;
			};
			name = Release;
		};
		2BA7B8442594D81900A8153D /* Debug */ = {
			isa = XCBuildConfiguration;
			buildSettings = {
				ASSETCATALOG_COMPILER_APPICON_NAME = AppIcon;
				ASSETCATALOG_COMPILER_GLOBAL_ACCENT_COLOR_NAME = AccentColor;
				CODE_SIGN_STYLE = Automatic;
				DEVELOPMENT_TEAM = KB82824ZMA;
				INFOPLIST_FILE = StoreSearch/Info.plist;
				LD_RUNPATH_SEARCH_PATHS = (
					"$(inherited)",
					"@executable_path/Frameworks",
				);
				PRODUCT_BUNDLE_IDENTIFIER = com.wesley.StoreSearch;
				PRODUCT_NAME = "$(TARGET_NAME)";
				SWIFT_VERSION = 5.0;
				TARGETED_DEVICE_FAMILY = "1,2";
			};
			name = Debug;
		};
		2BA7B8452594D81900A8153D /* Release */ = {
			isa = XCBuildConfiguration;
			buildSettings = {
				ASSETCATALOG_COMPILER_APPICON_NAME = AppIcon;
				ASSETCATALOG_COMPILER_GLOBAL_ACCENT_COLOR_NAME = AccentColor;
				CODE_SIGN_STYLE = Automatic;
				DEVELOPMENT_TEAM = KB82824ZMA;
				INFOPLIST_FILE = StoreSearch/Info.plist;
				LD_RUNPATH_SEARCH_PATHS = (
					"$(inherited)",
					"@executable_path/Frameworks",
				);
				PRODUCT_BUNDLE_IDENTIFIER = com.wesley.StoreSearch;
				PRODUCT_NAME = "$(TARGET_NAME)";
				SWIFT_VERSION = 5.0;
				TARGETED_DEVICE_FAMILY = "1,2";
			};
			name = Release;
		};
/* End XCBuildConfiguration section */

/* Begin XCConfigurationList section */
		2BA7B82A2594D81700A8153D /* Build configuration list for PBXProject "StoreSearch" */ = {
			isa = XCConfigurationList;
			buildConfigurations = (
				2BA7B8412594D81900A8153D /* Debug */,
				2BA7B8422594D81900A8153D /* Release */,
			);
			defaultConfigurationIsVisible = 0;
			defaultConfigurationName = Release;
		};
		2BA7B8432594D81900A8153D /* Build configuration list for PBXNativeTarget "StoreSearch" */ = {
			isa = XCConfigurationList;
			buildConfigurations = (
				2BA7B8442594D81900A8153D /* Debug */,
				2BA7B8452594D81900A8153D /* Release */,
			);
			defaultConfigurationIsVisible = 0;
			defaultConfigurationName = Release;
		};
/* End XCConfigurationList section */
	};
	rootObject = 2BA7B8272594D81700A8153D /* Project object */;
}
